
Microsoft Visual Studio Solution File, Format Version 12.00
# Visual Studio 14
VisualStudioVersion = 14.0.25420.1
MinimumVisualStudioVersion = 10.0.40219.1
Project("{2150E333-8FDC-42A3-9474-1A3956D46DE8}") = "1. Services", "1. Services", "{32A69D53-FB7C-465E-8599-43EDE3005F7F}"
EndProject
Project("{2150E333-8FDC-42A3-9474-1A3956D46DE8}") = "2. Core", "2. Core", "{B161F014-076F-48D9-B76A-007982A61249}"
EndProject
Project("{FAE04EC0-301F-11D3-BF4B-00C04F79EFBC}") = "Sistran.API", "App\Sistran.API\Sistran.API.csproj", "{8132824B-2E89-4D6B-9EC8-346E24DA5915}"
EndProject
Project("{2150E333-8FDC-42A3-9474-1A3956D46DE8}") = "2.1 SharedKernel", "2.1 SharedKernel", "{087F4E59-7708-41FA-832E-0350B90EE172}"
EndProject
Project("{2150E333-8FDC-42A3-9474-1A3956D46DE8}") = "2.2 Produto", "2.2 Produto", "{88EF8B6A-F9F2-45D8-A461-357ED621C808}"
EndProject
Project("{2150E333-8FDC-42A3-9474-1A3956D46DE8}") = "Domain", "Domain", "{CFF3FE9E-227F-48E4-88EC-6D37AFED11E7}"
EndProject
Project("{2150E333-8FDC-42A3-9474-1A3956D46DE8}") = "Infrastructure", "Infrastructure", "{7AB7C1B4-00CF-4D59-AFE2-4195A3AAB556}"
EndProject
Project("{2150E333-8FDC-42A3-9474-1A3956D46DE8}") = "Application", "Application", "{E8F8D727-3C92-4222-8C93-3D0CC8015D25}"
EndProject
Project("{2150E333-8FDC-42A3-9474-1A3956D46DE8}") = "Domain", "Domain", "{0404966D-EC05-4ABC-8EA2-AF23C06E9B3E}"
EndProject
Project("{2150E333-8FDC-42A3-9474-1A3956D46DE8}") = "Infra", "Infra", "{7ECBB371-295D-4FF4-BBAC-FA2B71F8A71A}"
EndProject
Project("{2150E333-8FDC-42A3-9474-1A3956D46DE8}") = "1 - Data", "1 - Data", "{E68A2193-61C3-4CA2-9136-7406298F6346}"
EndProject
Project("{2150E333-8FDC-42A3-9474-1A3956D46DE8}") = "2 - CrossCutting", "2 - CrossCutting", "{CF824524-0C0F-4866-9003-90FE0E7779B9}"
EndProject
Project("{FAE04EC0-301F-11D3-BF4B-00C04F79EFBC}") = "Sistran.Kernel.Infra.CrossCutting.Ioc", "App\Sistran.Kernel.Infra.CrossCutting.Ioc\Sistran.Kernel.Infra.CrossCutting.Ioc.csproj", "{3001F358-FE24-4007-B1C1-6E54BEAB028B}"
EndProject
Project("{FAE04EC0-301F-11D3-BF4B-00C04F79EFBC}") = "Sistran.Kernel.Infra.Data", "App\Sistran.Kernel.Infra.Data\Sistran.Kernel.Infra.Data.csproj", "{469B0C36-CEA9-4386-A439-498497ACB275}"
EndProject
Project("{FAE04EC0-301F-11D3-BF4B-00C04F79EFBC}") = "Sistran.Kernel.Domain", "App\Sistran.Kernel.Domain\Sistran.Kernel.Domain.csproj", "{514863B1-2EF3-4541-8833-6AE8CA58033D}"
EndProject
Project("{FAE04EC0-301F-11D3-BF4B-00C04F79EFBC}") = "Sistran.Produto.Domain", "App\Sistran.Produto.Domain\Sistran.Produto.Domain.csproj", "{4AF0E0F0-7062-44E7-AFEB-B65B71B382B5}"
EndProject
Project("{FAE04EC0-301F-11D3-BF4B-00C04F79EFBC}") = "Sistran.Produto.Infra.Data", "App\Sistran.Produto.Infra.Data\Sistran.Produto.Infra.Data.csproj", "{9857B83D-1438-4FD3-BC7F-37CD7F59FE08}"
EndProject
Project("{FAE04EC0-301F-11D3-BF4B-00C04F79EFBC}") = "Sistran.Produto.Application", "App\Sistran.Produto.Application\Sistran.Produto.Application.csproj", "{25E1DEBC-18AA-4ACB-A85D-69DDECDBB0C3}"
EndProject
Global
	GlobalSection(SolutionConfigurationPlatforms) = preSolution
		Debug|Any CPU = Debug|Any CPU
		Release|Any CPU = Release|Any CPU
	EndGlobalSection
	GlobalSection(ProjectConfigurationPlatforms) = postSolution
		{8132824B-2E89-4D6B-9EC8-346E24DA5915}.Debug|Any CPU.ActiveCfg = Debug|Any CPU
		{8132824B-2E89-4D6B-9EC8-346E24DA5915}.Debug|Any CPU.Build.0 = Debug|Any CPU
		{8132824B-2E89-4D6B-9EC8-346E24DA5915}.Release|Any CPU.ActiveCfg = Release|Any CPU
		{8132824B-2E89-4D6B-9EC8-346E24DA5915}.Release|Any CPU.Build.0 = Release|Any CPU
		{3001F358-FE24-4007-B1C1-6E54BEAB028B}.Debug|Any CPU.ActiveCfg = Debug|Any CPU
		{3001F358-FE24-4007-B1C1-6E54BEAB028B}.Debug|Any CPU.Build.0 = Debug|Any CPU
		{3001F358-FE24-4007-B1C1-6E54BEAB028B}.Release|Any CPU.ActiveCfg = Release|Any CPU
		{3001F358-FE24-4007-B1C1-6E54BEAB028B}.Release|Any CPU.Build.0 = Release|Any CPU
		{469B0C36-CEA9-4386-A439-498497ACB275}.Debug|Any CPU.ActiveCfg = Debug|Any CPU
		{469B0C36-CEA9-4386-A439-498497ACB275}.Debug|Any CPU.Build.0 = Debug|Any CPU
		{469B0C36-CEA9-4386-A439-498497ACB275}.Release|Any CPU.ActiveCfg = Release|Any CPU
		{469B0C36-CEA9-4386-A439-498497ACB275}.Release|Any CPU.Build.0 = Release|Any CPU
		{514863B1-2EF3-4541-8833-6AE8CA58033D}.Debug|Any CPU.ActiveCfg = Debug|Any CPU
		{514863B1-2EF3-4541-8833-6AE8CA58033D}.Debug|Any CPU.Build.0 = Debug|Any CPU
		{514863B1-2EF3-4541-8833-6AE8CA58033D}.Release|Any CPU.ActiveCfg = Release|Any CPU
		{514863B1-2EF3-4541-8833-6AE8CA58033D}.Release|Any CPU.Build.0 = Release|Any CPU
		{4AF0E0F0-7062-44E7-AFEB-B65B71B382B5}.Debug|Any CPU.ActiveCfg = Debug|Any CPU
		{4AF0E0F0-7062-44E7-AFEB-B65B71B382B5}.Debug|Any CPU.Build.0 = Debug|Any CPU
		{4AF0E0F0-7062-44E7-AFEB-B65B71B382B5}.Release|Any CPU.ActiveCfg = Release|Any CPU
		{4AF0E0F0-7062-44E7-AFEB-B65B71B382B5}.Release|Any CPU.Build.0 = Release|Any CPU
		{9857B83D-1438-4FD3-BC7F-37CD7F59FE08}.Debug|Any CPU.ActiveCfg = Debug|Any CPU
		{9857B83D-1438-4FD3-BC7F-37CD7F59FE08}.Debug|Any CPU.Build.0 = Debug|Any CPU
		{9857B83D-1438-4FD3-BC7F-37CD7F59FE08}.Release|Any CPU.ActiveCfg = Release|Any CPU
		{9857B83D-1438-4FD3-BC7F-37CD7F59FE08}.Release|Any CPU.Build.0 = Release|Any CPU
		{25E1DEBC-18AA-4ACB-A85D-69DDECDBB0C3}.Debug|Any CPU.ActiveCfg = Debug|Any CPU
		{25E1DEBC-18AA-4ACB-A85D-69DDECDBB0C3}.Debug|Any CPU.Build.0 = Debug|Any CPU
		{25E1DEBC-18AA-4ACB-A85D-69DDECDBB0C3}.Release|Any CPU.ActiveCfg = Release|Any CPU
		{25E1DEBC-18AA-4ACB-A85D-69DDECDBB0C3}.Release|Any CPU.Build.0 = Release|Any CPU
	EndGlobalSection
	GlobalSection(SolutionProperties) = preSolution
		HideSolutionNode = FALSE
	EndGlobalSection
	GlobalSection(NestedProjects) = preSolution
		{8132824B-2E89-4D6B-9EC8-346E24DA5915} = {32A69D53-FB7C-465E-8599-43EDE3005F7F}
		{087F4E59-7708-41FA-832E-0350B90EE172} = {B161F014-076F-48D9-B76A-007982A61249}
		{88EF8B6A-F9F2-45D8-A461-357ED621C808} = {B161F014-076F-48D9-B76A-007982A61249}
		{CFF3FE9E-227F-48E4-88EC-6D37AFED11E7} = {087F4E59-7708-41FA-832E-0350B90EE172}
		{7AB7C1B4-00CF-4D59-AFE2-4195A3AAB556} = {087F4E59-7708-41FA-832E-0350B90EE172}
		{E8F8D727-3C92-4222-8C93-3D0CC8015D25} = {88EF8B6A-F9F2-45D8-A461-357ED621C808}
		{0404966D-EC05-4ABC-8EA2-AF23C06E9B3E} = {88EF8B6A-F9F2-45D8-A461-357ED621C808}
		{7ECBB371-295D-4FF4-BBAC-FA2B71F8A71A} = {88EF8B6A-F9F2-45D8-A461-357ED621C808}
		{E68A2193-61C3-4CA2-9136-7406298F6346} = {7AB7C1B4-00CF-4D59-AFE2-4195A3AAB556}
		{CF824524-0C0F-4866-9003-90FE0E7779B9} = {7AB7C1B4-00CF-4D59-AFE2-4195A3AAB556}
		{3001F358-FE24-4007-B1C1-6E54BEAB028B} = {CF824524-0C0F-4866-9003-90FE0E7779B9}
		{469B0C36-CEA9-4386-A439-498497ACB275} = {E68A2193-61C3-4CA2-9136-7406298F6346}
		{514863B1-2EF3-4541-8833-6AE8CA58033D} = {CFF3FE9E-227F-48E4-88EC-6D37AFED11E7}
		{4AF0E0F0-7062-44E7-AFEB-B65B71B382B5} = {0404966D-EC05-4ABC-8EA2-AF23C06E9B3E}
		{9857B83D-1438-4FD3-BC7F-37CD7F59FE08} = {7ECBB371-295D-4FF4-BBAC-FA2B71F8A71A}
		{25E1DEBC-18AA-4ACB-A85D-69DDECDBB0C3} = {E8F8D727-3C92-4222-8C93-3D0CC8015D25}
	EndGlobalSection
EndGlobal
